// !$*UTF8*$!
{
	archiveVersion = 1;
	classes = {
	};
	objectVersion = 55;
	objects = {

/* Begin PBXBuildFile section */
		53C795112830188B00F68204 /* AppDelegate.swift in Sources */ = {isa = PBXBuildFile; fileRef = 53C795102830188B00F68204 /* AppDelegate.swift */; };
		53C795132830188B00F68204 /* SceneDelegate.swift in Sources */ = {isa = PBXBuildFile; fileRef = 53C795122830188B00F68204 /* SceneDelegate.swift */; };
		53C795152830188B00F68204 /* ViewController.swift in Sources */ = {isa = PBXBuildFile; fileRef = 53C795142830188B00F68204 /* ViewController.swift */; };
		53C795182830188B00F68204 /* Main.storyboard in Resources */ = {isa = PBXBuildFile; fileRef = 53C795162830188B00F68204 /* Main.storyboard */; };
		53C7951B2830188B00F68204 /* Services.xcdatamodeld in Sources */ = {isa = PBXBuildFile; fileRef = 53C795192830188B00F68204 /* Services.xcdatamodeld */; };
		53C7951D2830188C00F68204 /* Assets.xcassets in Resources */ = {isa = PBXBuildFile; fileRef = 53C7951C2830188C00F68204 /* Assets.xcassets */; };
		53C795202830188C00F68204 /* LaunchScreen.storyboard in Resources */ = {isa = PBXBuildFile; fileRef = 53C7951E2830188C00F68204 /* LaunchScreen.storyboard */; };
		53C7952B2830188C00F68204 /* ServicesTests.swift in Sources */ = {isa = PBXBuildFile; fileRef = 53C7952A2830188C00F68204 /* ServicesTests.swift */; };
		53C795352830188C00F68204 /* ServicesUITests.swift in Sources */ = {isa = PBXBuildFile; fileRef = 53C795342830188C00F68204 /* ServicesUITests.swift */; };
		53C795372830188C00F68204 /* ServicesUITestsLaunchTests.swift in Sources */ = {isa = PBXBuildFile; fileRef = 53C795362830188C00F68204 /* ServicesUITestsLaunchTests.swift */; };
/* End PBXBuildFile section */

/* Begin PBXContainerItemProxy section */
		53C795272830188C00F68204 /* PBXContainerItemProxy */ = {
			isa = PBXContainerItemProxy;
			containerPortal = 53C795052830188B00F68204 /* Project object */;
			proxyType = 1;
			remoteGlobalIDString = 53C7950C2830188B00F68204;
			remoteInfo = Services;
		};
		53C795312830188C00F68204 /* PBXContainerItemProxy */ = {
			isa = PBXContainerItemProxy;
			containerPortal = 53C795052830188B00F68204 /* Project object */;
			proxyType = 1;
			remoteGlobalIDString = 53C7950C2830188B00F68204;
			remoteInfo = Services;
		};
/* End PBXContainerItemProxy section */

/* Begin PBXFileReference section */
		53C7950D2830188B00F68204 /* Services.app */ = {isa = PBXFileReference; explicitFileType = wrapper.application; includeInIndex = 0; path = Services.app; sourceTree = BUILT_PRODUCTS_DIR; };
		53C795102830188B00F68204 /* AppDelegate.swift */ = {isa = PBXFileReference; lastKnownFileType = sourcecode.swift; path = AppDelegate.swift; sourceTree = "<group>"; };
		53C795122830188B00F68204 /* SceneDelegate.swift */ = {isa = PBXFileReference; lastKnownFileType = sourcecode.swift; path = SceneDelegate.swift; sourceTree = "<group>"; };
		53C795142830188B00F68204 /* ViewController.swift */ = {isa = PBXFileReference; lastKnownFileType = sourcecode.swift; path = ViewController.swift; sourceTree = "<group>"; };
		53C795172830188B00F68204 /* Base */ = {isa = PBXFileReference; lastKnownFileType = file.storyboard; name = Base; path = Base.lproj/Main.storyboard; sourceTree = "<group>"; };
		53C7951A2830188B00F68204 /* Services.xcdatamodel */ = {isa = PBXFileReference; lastKnownFileType = wrapper.xcdatamodel; path = Services.xcdatamodel; sourceTree = "<group>"; };
		53C7951C2830188C00F68204 /* Assets.xcassets */ = {isa = PBXFileReference; lastKnownFileType = folder.assetcatalog; path = Assets.xcassets; sourceTree = "<group>"; };
		53C7951F2830188C00F68204 /* Base */ = {isa = PBXFileReference; lastKnownFileType = file.storyboard; name = Base; path = Base.lproj/LaunchScreen.storyboard; sourceTree = "<group>"; };
		53C795212830188C00F68204 /* Info.plist */ = {isa = PBXFileReference; lastKnownFileType = text.plist.xml; path = Info.plist; sourceTree = "<group>"; };
		53C795262830188C00F68204 /* ServicesTests.xctest */ = {isa = PBXFileReference; explicitFileType = wrapper.cfbundle; includeInIndex = 0; path = ServicesTests.xctest; sourceTree = BUILT_PRODUCTS_DIR; };
		53C7952A2830188C00F68204 /* ServicesTests.swift */ = {isa = PBXFileReference; lastKnownFileType = sourcecode.swift; path = ServicesTests.swift; sourceTree = "<group>"; };
		53C795302830188C00F68204 /* ServicesUITests.xctest */ = {isa = PBXFileReference; explicitFileType = wrapper.cfbundle; includeInIndex = 0; path = ServicesUITests.xctest; sourceTree = BUILT_PRODUCTS_DIR; };
		53C795342830188C00F68204 /* ServicesUITests.swift */ = {isa = PBXFileReference; lastKnownFileType = sourcecode.swift; path = ServicesUITests.swift; sourceTree = "<group>"; };
		53C795362830188C00F68204 /* ServicesUITestsLaunchTests.swift */ = {isa = PBXFileReference; lastKnownFileType = sourcecode.swift; path = ServicesUITestsLaunchTests.swift; sourceTree = "<group>"; };
/* End PBXFileReference section */

/* Begin PBXFrameworksBuildPhase section */
		53C7950A2830188B00F68204 /* Frameworks */ = {
			isa = PBXFrameworksBuildPhase;
			buildActionMask = 2147483647;
			files = (
			);
			runOnlyForDeploymentPostprocessing = 0;
		};
		53C795232830188C00F68204 /* Frameworks */ = {
			isa = PBXFrameworksBuildPhase;
			buildActionMask = 2147483647;
			files = (
			);
			runOnlyForDeploymentPostprocessing = 0;
		};
		53C7952D2830188C00F68204 /* Frameworks */ = {
			isa = PBXFrameworksBuildPhase;
			buildActionMask = 2147483647;
			files = (
			);
			runOnlyForDeploymentPostprocessing = 0;
		};
/* End PBXFrameworksBuildPhase section */

/* Begin PBXGroup section */
		53C795042830188B00F68204 = {
			isa = PBXGroup;
			children = (
				53C7950F2830188B00F68204 /* Services */,
				53C795292830188C00F68204 /* ServicesTests */,
				53C795332830188C00F68204 /* ServicesUITests */,
				53C7950E2830188B00F68204 /* Products */,
			);
			sourceTree = "<group>";
		};
		53C7950E2830188B00F68204 /* Products */ = {
			isa = PBXGroup;
			children = (
				53C7950D2830188B00F68204 /* Services.app */,
				53C795262830188C00F68204 /* ServicesTests.xctest */,
				53C795302830188C00F68204 /* ServicesUITests.xctest */,
			);
			name = Products;
			sourceTree = "<group>";
		};
		53C7950F2830188B00F68204 /* Services */ = {
			isa = PBXGroup;
			children = (
				53C795102830188B00F68204 /* AppDelegate.swift */,
				53C795122830188B00F68204 /* SceneDelegate.swift */,
				53C795142830188B00F68204 /* ViewController.swift */,
				53C795162830188B00F68204 /* Main.storyboard */,
				53C7951C2830188C00F68204 /* Assets.xcassets */,
				53C7951E2830188C00F68204 /* LaunchScreen.storyboard */,
				53C795212830188C00F68204 /* Info.plist */,
				53C795192830188B00F68204 /* Services.xcdatamodeld */,
			);
			path = Services;
			sourceTree = "<group>";
		};
		53C795292830188C00F68204 /* ServicesTests */ = {
			isa = PBXGroup;
			children = (
				53C7952A2830188C00F68204 /* ServicesTests.swift */,
			);
			path = ServicesTests;
			sourceTree = "<group>";
		};
		53C795332830188C00F68204 /* ServicesUITests */ = {
			isa = PBXGroup;
			children = (
				53C795342830188C00F68204 /* ServicesUITests.swift */,
				53C795362830188C00F68204 /* ServicesUITestsLaunchTests.swift */,
			);
			path = ServicesUITests;
			sourceTree = "<group>";
		};
/* End PBXGroup section */

/* Begin PBXNativeTarget section */
		53C7950C2830188B00F68204 /* Services */ = {
			isa = PBXNativeTarget;
			buildConfigurationList = 53C7953A2830188C00F68204 /* Build configuration list for PBXNativeTarget "Services" */;
			buildPhases = (
				53C795092830188B00F68204 /* Sources */,
				53C7950A2830188B00F68204 /* Frameworks */,
				53C7950B2830188B00F68204 /* Resources */,
			);
			buildRules = (
			);
			dependencies = (
			);
			name = Services;
			productName = Services;
			productReference = 53C7950D2830188B00F68204 /* Services.app */;
			productType = "com.apple.product-type.application";
		};
		53C795252830188C00F68204 /* ServicesTests */ = {
			isa = PBXNativeTarget;
			buildConfigurationList = 53C7953D2830188C00F68204 /* Build configuration list for PBXNativeTarget "ServicesTests" */;
			buildPhases = (
				53C795222830188C00F68204 /* Sources */,
				53C795232830188C00F68204 /* Frameworks */,
				53C795242830188C00F68204 /* Resources */,
			);
			buildRules = (
			);
			dependencies = (
				53C795282830188C00F68204 /* PBXTargetDependency */,
			);
			name = ServicesTests;
			productName = ServicesTests;
			productReference = 53C795262830188C00F68204 /* ServicesTests.xctest */;
			productType = "com.apple.product-type.bundle.unit-test";
		};
		53C7952F2830188C00F68204 /* ServicesUITests */ = {
			isa = PBXNativeTarget;
			buildConfigurationList = 53C795402830188C00F68204 /* Build configuration list for PBXNativeTarget "ServicesUITests" */;
			buildPhases = (
				53C7952C2830188C00F68204 /* Sources */,
				53C7952D2830188C00F68204 /* Frameworks */,
				53C7952E2830188C00F68204 /* Resources */,
			);
			buildRules = (
			);
			dependencies = (
				53C795322830188C00F68204 /* PBXTargetDependency */,
			);
			name = ServicesUITests;
			productName = ServicesUITests;
			productReference = 53C795302830188C00F68204 /* ServicesUITests.xctest */;
			productType = "com.apple.product-type.bundle.ui-testing";
		};
/* End PBXNativeTarget section */

/* Begin PBXProject section */
		53C795052830188B00F68204 /* Project object */ = {
			isa = PBXProject;
			attributes = {
				BuildIndependentTargetsInParallel = 1;
				LastSwiftUpdateCheck = 1330;
				LastUpgradeCheck = 1330;
				TargetAttributes = {
					53C7950C2830188B00F68204 = {
						CreatedOnToolsVersion = 13.3;
					};
					53C795252830188C00F68204 = {
						CreatedOnToolsVersion = 13.3;
						TestTargetID = 53C7950C2830188B00F68204;
					};
					53C7952F2830188C00F68204 = {
						CreatedOnToolsVersion = 13.3;
						TestTargetID = 53C7950C2830188B00F68204;
					};
				};
			};
			buildConfigurationList = 53C795082830188B00F68204 /* Build configuration list for PBXProject "Services" */;
			compatibilityVersion = "Xcode 13.0";
			developmentRegion = en;
			hasScannedForEncodings = 0;
			knownRegions = (
				en,
				Base,
			);
			mainGroup = 53C795042830188B00F68204;
			productRefGroup = 53C7950E2830188B00F68204 /* Products */;
			projectDirPath = "";
			projectRoot = "";
			targets = (
				53C7950C2830188B00F68204 /* Services */,
				53C795252830188C00F68204 /* ServicesTests */,
				53C7952F2830188C00F68204 /* ServicesUITests */,
			);
		};
/* End PBXProject section */

/* Begin PBXResourcesBuildPhase section */
		53C7950B2830188B00F68204 /* Resources */ = {
			isa = PBXResourcesBuildPhase;
			buildActionMask = 2147483647;
			files = (
				53C795202830188C00F68204 /* LaunchScreen.storyboard in Resources */,
				53C7951D2830188C00F68204 /* Assets.xcassets in Resources */,
				53C795182830188B00F68204 /* Main.storyboard in Resources */,
			);
			runOnlyForDeploymentPostprocessing = 0;
		};
		53C795242830188C00F68204 /* Resources */ = {
			isa = PBXResourcesBuildPhase;
			buildActionMask = 2147483647;
			files = (
			);
			runOnlyForDeploymentPostprocessing = 0;
		};
		53C7952E2830188C00F68204 /* Resources */ = {
			isa = PBXResourcesBuildPhase;
			buildActionMask = 2147483647;
			files = (
			);
			runOnlyForDeploymentPostprocessing = 0;
		};
/* End PBXResourcesBuildPhase section */

/* Begin PBXSourcesBuildPhase section */
		53C795092830188B00F68204 /* Sources */ = {
			isa = PBXSourcesBuildPhase;
			buildActionMask = 2147483647;
			files = (
				53C795152830188B00F68204 /* ViewController.swift in Sources */,
				53C7951B2830188B00F68204 /* Services.xcdatamodeld in Sources */,
				53C795112830188B00F68204 /* AppDelegate.swift in Sources */,
				53C795132830188B00F68204 /* SceneDelegate.swift in Sources */,
			);
			runOnlyForDeploymentPostprocessing = 0;
		};
		53C795222830188C00F68204 /* Sources */ = {
			isa = PBXSourcesBuildPhase;
			buildActionMask = 2147483647;
			files = (
				53C7952B2830188C00F68204 /* ServicesTests.swift in Sources */,
			);
			runOnlyForDeploymentPostprocessing = 0;
		};
		53C7952C2830188C00F68204 /* Sources */ = {
			isa = PBXSourcesBuildPhase;
			buildActionMask = 2147483647;
			files = (
				53C795372830188C00F68204 /* ServicesUITestsLaunchTests.swift in Sources */,
				53C795352830188C00F68204 /* ServicesUITests.swift in Sources */,
			);
			runOnlyForDeploymentPostprocessing = 0;
		};
/* End PBXSourcesBuildPhase section */

/* Begin PBXTargetDependency section */
		53C795282830188C00F68204 /* PBXTargetDependency */ = {
			isa = PBXTargetDependency;
			target = 53C7950C2830188B00F68204 /* Services */;
			targetProxy = 53C795272830188C00F68204 /* PBXContainerItemProxy */;
		};
		53C795322830188C00F68204 /* PBXTargetDependency */ = {
			isa = PBXTargetDependency;
			target = 53C7950C2830188B00F68204 /* Services */;
			targetProxy = 53C795312830188C00F68204 /* PBXContainerItemProxy */;
		};
/* End PBXTargetDependency section */

/* Begin PBXVariantGroup section */
		53C795162830188B00F68204 /* Main.storyboard */ = {
			isa = PBXVariantGroup;
			children = (
				53C795172830188B00F68204 /* Base */,
			);
			name = Main.storyboard;
			sourceTree = "<group>";
		};
		53C7951E2830188C00F68204 /* LaunchScreen.storyboard */ = {
			isa = PBXVariantGroup;
			children = (
				53C7951F2830188C00F68204 /* Base */,
			);
			name = LaunchScreen.storyboard;
			sourceTree = "<group>";
		};
/* End PBXVariantGroup section */

/* Begin XCBuildConfiguration section */
		53C795382830188C00F68204 /* Debug */ = {
			isa = XCBuildConfiguration;
			buildSettings = {
				ALWAYS_SEARCH_USER_PATHS = NO;
				CLANG_ANALYZER_NONNULL = YES;
				CLANG_ANALYZER_NUMBER_OBJECT_CONVERSION = YES_AGGRESSIVE;
				CLANG_CXX_LANGUAGE_STANDARD = "gnu++17";
				CLANG_ENABLE_MODULES = YES;
				CLANG_ENABLE_OBJC_ARC = YES;
				CLANG_ENABLE_OBJC_WEAK = YES;
				CLANG_WARN_BLOCK_CAPTURE_AUTORELEASING = YES;
				CLANG_WARN_BOOL_CONVERSION = YES;
				CLANG_WARN_COMMA = YES;
				CLANG_WARN_CONSTANT_CONVERSION = YES;
				CLANG_WARN_DEPRECATED_OBJC_IMPLEMENTATIONS = YES;
				CLANG_WARN_DIRECT_OBJC_ISA_USAGE = YES_ERROR;
				CLANG_WARN_DOCUMENTATION_COMMENTS = YES;
				CLANG_WARN_EMPTY_BODY = YES;
				CLANG_WARN_ENUM_CONVERSION = YES;
				CLANG_WARN_INFINITE_RECURSION = YES;
				CLANG_WARN_INT_CONVERSION = YES;
				CLANG_WARN_NON_LITERAL_NULL_CONVERSION = YES;
				CLANG_WARN_OBJC_IMPLICIT_RETAIN_SELF = YES;
				CLANG_WARN_OBJC_LITERAL_CONVERSION = YES;
				CLANG_WARN_OBJC_ROOT_CLASS = YES_ERROR;
				CLANG_WARN_QUOTED_INCLUDE_IN_FRAMEWORK_HEADER = YES;
				CLANG_WARN_RANGE_LOOP_ANALYSIS = YES;
				CLANG_WARN_STRICT_PROTOTYPES = YES;
				CLANG_WARN_SUSPICIOUS_MOVE = YES;
				CLANG_WARN_UNGUARDED_AVAILABILITY = YES_AGGRESSIVE;
				CLANG_WARN_UNREACHABLE_CODE = YES;
				CLANG_WARN__DUPLICATE_METHOD_MATCH = YES;
				COPY_PHASE_STRIP = NO;
				DEBUG_INFORMATION_FORMAT = dwarf;
				ENABLE_STRICT_OBJC_MSGSEND = YES;
				ENABLE_TESTABILITY = YES;
				GCC_C_LANGUAGE_STANDARD = gnu11;
				GCC_DYNAMIC_NO_PIC = NO;
				GCC_NO_COMMON_BLOCKS = YES;
				GCC_OPTIMIZATION_LEVEL = 0;
				GCC_PREPROCESSOR_DEFINITIONS = (
					"DEBUG=1",
					"$(inherited)",
				);
				GCC_WARN_64_TO_32_BIT_CONVERSION = YES;
				GCC_WARN_ABOUT_RETURN_TYPE = YES_ERROR;
				GCC_WARN_UNDECLARED_SELECTOR = YES;
				GCC_WARN_UNINITIALIZED_AUTOS = YES_AGGRESSIVE;
				GCC_WARN_UNUSED_FUNCTION = YES;
				GCC_WARN_UNUSED_VARIABLE = YES;
				IPHONEOS_DEPLOYMENT_TARGET = 15.4;
				MTL_ENABLE_DEBUG_INFO = INCLUDE_SOURCE;
				MTL_FAST_MATH = YES;
				ONLY_ACTIVE_ARCH = YES;
				SDKROOT = iphoneos;
				SWIFT_ACTIVE_COMPILATION_CONDITIONS = DEBUG;
				SWIFT_OPTIMIZATION_LEVEL = "-Onone";
			};
			name = Debug;
		};
		53C795392830188C00F68204 /* Release */ = {
			isa = XCBuildConfiguration;
			buildSettings = {
				ALWAYS_SEARCH_USER_PATHS = NO;
				CLANG_ANALYZER_NONNULL = YES;
				CLANG_ANALYZER_NUMBER_OBJECT_CONVERSION = YES_AGGRESSIVE;
				CLANG_CXX_LANGUAGE_STANDARD = "gnu++17";
				CLANG_ENABLE_MODULES = YES;
				CLANG_ENABLE_OBJC_ARC = YES;
				CLANG_ENABLE_OBJC_WEAK = YES;
				CLANG_WARN_BLOCK_CAPTURE_AUTORELEASING = YES;
				CLANG_WARN_BOOL_CONVERSION = YES;
				CLANG_WARN_COMMA = YES;
				CLANG_WARN_CONSTANT_CONVERSION = YES;
				CLANG_WARN_DEPRECATED_OBJC_IMPLEMENTATIONS = YES;
				CLANG_WARN_DIRECT_OBJC_ISA_USAGE = YES_ERROR;
				CLANG_WARN_DOCUMENTATION_COMMENTS = YES;
				CLANG_WARN_EMPTY_BODY = YES;
				CLANG_WARN_ENUM_CONVERSION = YES;
				CLANG_WARN_INFINITE_RECURSION = YES;
				CLANG_WARN_INT_CONVERSION = YES;
				CLANG_WARN_NON_LITERAL_NULL_CONVERSION = YES;
				CLANG_WARN_OBJC_IMPLICIT_RETAIN_SELF = YES;
				CLANG_WARN_OBJC_LITERAL_CONVERSION = YES;
				CLANG_WARN_OBJC_ROOT_CLASS = YES_ERROR;
				CLANG_WARN_QUOTED_INCLUDE_IN_FRAMEWORK_HEADER = YES;
				CLANG_WARN_RANGE_LOOP_ANALYSIS = YES;
				CLANG_WARN_STRICT_PROTOTYPES = YES;
				CLANG_WARN_SUSPICIOUS_MOVE = YES;
				CLANG_WARN_UNGUARDED_AVAILABILITY = YES_AGGRESSIVE;
				CLANG_WARN_UNREACHABLE_CODE = YES;
				CLANG_WARN__DUPLICATE_METHOD_MATCH = YES;
				COPY_PHASE_STRIP = NO;
				DEBUG_INFORMATION_FORMAT = "dwarf-with-dsym";
				ENABLE_NS_ASSERTIONS = NO;
				ENABLE_STRICT_OBJC_MSGSEND = YES;
				GCC_C_LANGUAGE_STANDARD = gnu11;
				GCC_NO_COMMON_BLOCKS = YES;
				GCC_WARN_64_TO_32_BIT_CONVERSION = YES;
				GCC_WARN_ABOUT_RETURN_TYPE = YES_ERROR;
				GCC_WARN_UNDECLARED_SELECTOR = YES;
				GCC_WARN_UNINITIALIZED_AUTOS = YES_AGGRESSIVE;
				GCC_WARN_UNUSED_FUNCTION = YES;
				GCC_WARN_UNUSED_VARIABLE = YES;
				IPHONEOS_DEPLOYMENT_TARGET = 15.4;
				MTL_ENABLE_DEBUG_INFO = NO;
				MTL_FAST_MATH = YES;
				SDKROOT = iphoneos;
				SWIFT_COMPILATION_MODE = wholemodule;
				SWIFT_OPTIMIZATION_LEVEL = "-O";
				VALIDATE_PRODUCT = YES;
			};
			name = Release;
		};
		53C7953B2830188C00F68204 /* Debug */ = {
			isa = XCBuildConfiguration;
			buildSettings = {
				ASSETCATALOG_COMPILER_APPICON_NAME = AppIcon;
				ASSETCATALOG_COMPILER_GLOBAL_ACCENT_COLOR_NAME = AccentColor;
				CODE_SIGN_STYLE = Automatic;
				CURRENT_PROJECT_VERSION = 1;
				GENERATE_INFOPLIST_FILE = YES;
				INFOPLIST_FILE = Services/Info.plist;
				INFOPLIST_KEY_UIApplicationSupportsIndirectInputEvents = YES;
				INFOPLIST_KEY_UILaunchStoryboardName = LaunchScreen;
				INFOPLIST_KEY_UIMainStoryboardFile = Main;
				INFOPLIST_KEY_UISupportedInterfaceOrientations_iPad = "UIInterfaceOrientationPortrait UIInterfaceOrientationPortraitUpsideDown UIInterfaceOrientationLandscapeLeft UIInterfaceOrientationLandscapeRight";
				INFOPLIST_KEY_UISupportedInterfaceOrientations_iPhone = "UIInterfaceOrientationPortrait UIInterfaceOrientationLandscapeLeft UIInterfaceOrientationLandscapeRight";
				LD_RUNPATH_SEARCH_PATHS = (
					"$(inherited)",
					"@executable_path/Frameworks",
				);
				MARKETING_VERSION = 1.0;
				PRODUCT_BUNDLE_IDENTIFIER = screamo.Services;
				PRODUCT_NAME = "$(TARGET_NAME)";
				SWIFT_EMIT_LOC_STRINGS = YES;
				SWIFT_VERSION = 5.0;
				TARGETED_DEVICE_FAMILY = "1,2";
			};
			name = Debug;
		};
		53C7953C2830188C00F68204 /* Release */ = {
			isa = XCBuildConfiguration;
			buildSettings = {
				ASSETCATALOG_COMPILER_APPICON_NAME = AppIcon;
				ASSETCATALOG_COMPILER_GLOBAL_ACCENT_COLOR_NAME = AccentColor;
				CODE_SIGN_STYLE = Automatic;
				CURRENT_PROJECT_VERSION = 1;
				GENERATE_INFOPLIST_FILE = YES;
				INFOPLIST_FILE = Services/Info.plist;
				INFOPLIST_KEY_UIApplicationSupportsIndirectInputEvents = YES;
				INFOPLIST_KEY_UILaunchStoryboardName = LaunchScreen;
				INFOPLIST_KEY_UIMainStoryboardFile = Main;
				INFOPLIST_KEY_UISupportedInterfaceOrientations_iPad = "UIInterfaceOrientationPortrait UIInterfaceOrientationPortraitUpsideDown UIInterfaceOrientationLandscapeLeft UIInterfaceOrientationLandscapeRight";
				INFOPLIST_KEY_UISupportedInterfaceOrientations_iPhone = "UIInterfaceOrientationPortrait UIInterfaceOrientationLandscapeLeft UIInterfaceOrientationLandscapeRight";
				LD_RUNPATH_SEARCH_PATHS = (
					"$(inherited)",
					"@executable_path/Frameworks",
				);
				MARKETING_VERSION = 1.0;
				PRODUCT_BUNDLE_IDENTIFIER = screamo.Services;
				PRODUCT_NAME = "$(TARGET_NAME)";
				SWIFT_EMIT_LOC_STRINGS = YES;
				SWIFT_VERSION = 5.0;
				TARGETED_DEVICE_FAMILY = "1,2";
			};
			name = Release;
		};
		53C7953E2830188C00F68204 /* Debug */ = {
			isa = XCBuildConfiguration;
			buildSettings = {
				ALWAYS_EMBED_SWIFT_STANDARD_LIBRARIES = YES;
				BUNDLE_LOADER = "$(TEST_HOST)";
				CODE_SIGN_STYLE = Automatic;
				CURRENT_PROJECT_VERSION = 1;
				GENERATE_INFOPLIST_FILE = YES;
				IPHONEOS_DEPLOYMENT_TARGET = 15.4;
				MARKETING_VERSION = 1.0;
				PRODUCT_BUNDLE_IDENTIFIER = screamo.ServicesTests;
				PRODUCT_NAME = "$(TARGET_NAME)";
				SWIFT_EMIT_LOC_STRINGS = NO;
				SWIFT_VERSION = 5.0;
				TARGETED_DEVICE_FAMILY = "1,2";
				TEST_HOST = "$(BUILT_PRODUCTS_DIR)/Services.app/Services";
			};
			name = Debug;
		};
		53C7953F2830188C00F68204 /* Release */ = {
			isa = XCBuildConfiguration;
			buildSettings = {
				ALWAYS_EMBED_SWIFT_STANDARD_LIBRARIES = YES;
				BUNDLE_LOADER = "$(TEST_HOST)";
				CODE_SIGN_STYLE = Automatic;
				CURRENT_PROJECT_VERSION = 1;
				GENERATE_INFOPLIST_FILE = YES;
				IPHONEOS_DEPLOYMENT_TARGET = 15.4;
				MARKETING_VERSION = 1.0;
				PRODUCT_BUNDLE_IDENTIFIER = screamo.ServicesTests;
				PRODUCT_NAME = "$(TARGET_NAME)";
				SWIFT_EMIT_LOC_STRINGS = NO;
				SWIFT_VERSION = 5.0;
				TARGETED_DEVICE_FAMILY = "1,2";
				TEST_HOST = "$(BUILT_PRODUCTS_DIR)/Services.app/Services";
			};
			name = Release;
		};
		53C795412830188C00F68204 /* Debug */ = {
			isa = XCBuildConfiguration;
			buildSettings = {
				ALWAYS_EMBED_SWIFT_STANDARD_LIBRARIES = YES;
				CODE_SIGN_STYLE = Automatic;
				CURRENT_PROJECT_VERSION = 1;
				GENERATE_INFOPLIST_FILE = YES;
				MARKETING_VERSION = 1.0;
				PRODUCT_BUNDLE_IDENTIFIER = screamo.ServicesUITests;
				PRODUCT_NAME = "$(TARGET_NAME)";
				SWIFT_EMIT_LOC_STRINGS = NO;
				SWIFT_VERSION = 5.0;
				TARGETED_DEVICE_FAMILY = "1,2";
				TEST_TARGET_NAME = Services;
			};
			name = Debug;
		};
		53C795422830188C00F68204 /* Release */ = {
			isa = XCBuildConfiguration;
			buildSettings = {
				ALWAYS_EMBED_SWIFT_STANDARD_LIBRARIES = YES;
				CODE_SIGN_STYLE = Automatic;
				CURRENT_PROJECT_VERSION = 1;
				GENERATE_INFOPLIST_FILE = YES;
				MARKETING_VERSION = 1.0;
				PRODUCT_BUNDLE_IDENTIFIER = screamo.ServicesUITests;
				PRODUCT_NAME = "$(TARGET_NAME)";
				SWIFT_EMIT_LOC_STRINGS = NO;
				SWIFT_VERSION = 5.0;
				TARGETED_DEVICE_FAMILY = "1,2";
				TEST_TARGET_NAME = Services;
			};
			name = Release;
		};
/* End XCBuildConfiguration section */

/* Begin XCConfigurationList section */
		53C795082830188B00F68204 /* Build configuration list for PBXProject "Services" */ = {
			isa = XCConfigurationList;
			buildConfigurations = (
				53C795382830188C00F68204 /* Debug */,
				53C795392830188C00F68204 /* Release */,
			);
			defaultConfigurationIsVisible = 0;
			defaultConfigurationName = Release;
		};
		53C7953A2830188C00F68204 /* Build configuration list for PBXNativeTarget "Services" */ = {
			isa = XCConfigurationList;
			buildConfigurations = (
				53C7953B2830188C00F68204 /* Debug */,
				53C7953C2830188C00F68204 /* Release */,
			);
			defaultConfigurationIsVisible = 0;
			defaultConfigurationName = Release;
		};
		53C7953D2830188C00F68204 /* Build configuration list for PBXNativeTarget "ServicesTests" */ = {
			isa = XCConfigurationList;
			buildConfigurations = (
				53C7953E2830188C00F68204 /* Debug */,
				53C7953F2830188C00F68204 /* Release */,
			);
			defaultConfigurationIsVisible = 0;
			defaultConfigurationName = Release;
		};
		53C795402830188C00F68204 /* Build configuration list for PBXNativeTarget "ServicesUITests" */ = {
			isa = XCConfigurationList;
			buildConfigurations = (
				53C795412830188C00F68204 /* Debug */,
				53C795422830188C00F68204 /* Release */,
			);
			defaultConfigurationIsVisible = 0;
			defaultConfigurationName = Release;
		};
/* End XCConfigurationList section */

/* Begin XCVersionGroup section */
		53C795192830188B00F68204 /* Services.xcdatamodeld */ = {
			isa = XCVersionGroup;
			children = (
				53C7951A2830188B00F68204 /* Services.xcdatamodel */,
			);
			currentVersion = 53C7951A2830188B00F68204 /* Services.xcdatamodel */;
			path = Services.xcdatamodeld;
			sourceTree = "<group>";
			versionGroupType = wrapper.xcdatamodel;
		};
/* End XCVersionGroup section */
	};
	rootObject = 53C795052830188B00F68204 /* Project object */;
}
